github.com/go-test/deep v1.1.1 h1:0r/53hagsehfO4bzD2Pgr/+RgHqhmf+k1Bpse2cTu1U=
github.com/go-test/deep v1.1.1/go.mod h1:5C2ZWiW0ErCdrYzpqxLbTX7MG14M9iiw8DgHncVwcsE=
github.com/jessevdk/go-flags v1.6.1 h1:Cvu5U8UGrLay1rZfv/zP7iLpSHGUZ/Ou68T0iX1bBK4=
github.com/jessevdk/go-flags v1.6.1/go.mod h1:Mk8T1hIAWpOiJiHa9rJASDK2UGWji0EuPGBnNLMooyc=
github.com/mackerelio/checkers v0.2.1 h1:vRXzAT+CEyaLjSrHVxKUBjyWq1kfo8QcI8ZoSKZATQs=
github.com/mackerelio/checkers v0.2.1/go.mod h1:CW3k/5bvHhxDrfKgWvMvNH0R51zco141ZVxlI7o/KAc=
github.com/monitoring-forge/flagrun v0.0.10 h1:KybhBetKlDxuIBj/rilKQWE60fynVzReKl+KLBcWCuc=
github.com/monitoring-forge/flagrun v0.0.10/go.mod h1:hxpSc4cgzDMi6lj40T97GNO/PglgM5FW79fRGdzexBY=
github.com/monitoring-forge/ltsvparser v0.2.8 h1:eb/lY5zFsw7RYcI8H0bZP3Jm9d9MrxRyIuwXAZlgyGk=
github.com/monitoring-forge/ltsvparser v0.2.8/go.mod h1:kbNExT98jYMhQE5wphmq2avnuxEorZL/CfDKIUuyimE=
github.com/montanaflynn/stats v0.12.6 h1:fnoYp0JJjFNZKWYM2HgcSEXnQ6ZN9E5Mnpmz3rAfMEg=
github.com/montanaflynn/stats v0.12.6/go.mod h1:etXPPgVO6n31NxCd9KQUMvCM+ve0ruNzt6R8Bnaayow=
github.com/stretchr/testify v1.12.1 h1:EuwCh5fleGS7H32xRwO3wRGT7DxrDhLAT6FF8MpWDWE=
github.com/stretchr/testify v1.12.1/go.mod h1:MDEgiDPPsNp5cuIrHPPCyornHKgEVbtFUmoNlxoYthg=
go.yaml.in/yaml/v3 v3.0.5 h1:N6y/pJk8buWs9NY5ERU2HSMfm+IuD/OtfdAnq6kESPw=
go.yaml.in/yaml/v3 v3.0.5/go.mod h1:HVTZu1O7/Vkt2N+BFy8Zza+lnLsABggaTM2ZpNIGuKg=
golang.org/x/sys v0.48.0 h1:bbX/i/6MgT9BVLM9RT1thmxL04yeTAhbEz4SyadbXoo=
golang.org/x/sys v0.48.0/go.mod h1:hNLxWAXmnKAxqDtdwIYC4bM9oQPEecfsnNMuSxOs3og=
golang.org/x/term v0.46.0 h1:3+OXuTbaKDgwk8jTi3aSLHRlmWqHEUDUtxnbFigO4YE=
golang.org/x/term v0.46.0/go.mod h1:+K02xbkittuwc0Am4abfA3Fc+XRGXkvBXNO88NCXPoc=
